
Microsoft Visual Studio Solution File, Format Version 12.00
# Visual Studio 15
VisualStudioVersion = 15.0.28010.2041
MinimumVisualStudioVersion = 10.0.40219.1
Project("{FAE04EC0-301F-11D3-BF4B-00C04F79EFBC}") = "TestConsole", "TestConsole\TestConsole.csproj", "{06D2BA47-D767-43F5-8892-44CEF7BE37DB}"
EndProject
Project("{FAE04EC0-301F-11D3-BF4B-00C04F79EFBC}") = "Lumi", "Lumi\Lumi.csproj", "{C3D75544-7FEA-4750-91B3-31BA7F2E9EFB}"
EndProject
Project("{FAE04EC0-301F-11D3-BF4B-00C04F79EFBC}") = "LumChine", "LumChine\LumChine.csproj", "{9DE9B2FF-3FCC-474A-90B1-70A2A080EA59}"
EndProject
Global
	GlobalSection(SolutionConfigurationPlatforms) = preSolution
		Debug|Any CPU = Debug|Any CPU
		Release|Any CPU = Release|Any CPU
	EndGlobalSection
	GlobalSection(ProjectConfigurationPlatforms) = postSolution
		{06D2BA47-D767-43F5-8892-44CEF7BE37DB}.Debug|Any CPU.ActiveCfg = Debug|Any CPU
		{06D2BA47-D767-43F5-8892-44CEF7BE37DB}.Debug|Any CPU.Build.0 = Debug|Any CPU
		{06D2BA47-D767-43F5-8892-44CEF7BE37DB}.Release|Any CPU.ActiveCfg = Release|Any CPU
		{06D2BA47-D767-43F5-8892-44CEF7BE37DB}.Release|Any CPU.Build.0 = Release|Any CPU
		{C3D75544-7FEA-4750-91B3-31BA7F2E9EFB}.Debug|Any CPU.ActiveCfg = Debug|Any CPU
		{C3D75544-7FEA-4750-91B3-31BA7F2E9EFB}.Debug|Any CPU.Build.0 = Debug|Any CPU
		{C3D75544-7FEA-4750-91B3-31BA7F2E9EFB}.Release|Any CPU.ActiveCfg = Release|Any CPU
		{C3D75544-7FEA-4750-91B3-31BA7F2E9EFB}.Release|Any CPU.Build.0 = Release|Any CPU
		{9DE9B2FF-3FCC-474A-90B1-70A2A080EA59}.Debug|Any CPU.ActiveCfg = Debug|Any CPU
		{9DE9B2FF-3FCC-474A-90B1-70A2A080EA59}.Debug|Any CPU.Build.0 = Debug|Any CPU
		{9DE9B2FF-3FCC-474A-90B1-70A2A080EA59}.Release|Any CPU.ActiveCfg = Release|Any CPU
		{9DE9B2FF-3FCC-474A-90B1-70A2A080EA59}.Release|Any CPU.Build.0 = Release|Any CPU
	EndGlobalSection
	GlobalSection(SolutionProperties) = preSolution
		HideSolutionNode = FALSE
	EndGlobalSection
	GlobalSection(ExtensibilityGlobals) = postSolution
		SolutionGuid = {9DDED431-6C80-468D-94A4-3B6105955E6A}
	EndGlobalSection
EndGlobal
